
Microsoft Visual Studio Solution File, Format Version 12.00
# Visual Studio Version 17
VisualStudioVersion = 17.0.31912.275
MinimumVisualStudioVersion = 10.0.40219.1
Project("{FAE04EC0-301F-11D3-BF4B-00C04F79EFBC}") = "NLayer.Core", "NLayer.Core\NLayer.Core.csproj", "{83A24F1E-9188-45AF-A87C-7B197C8CF70A}"
EndProject
Project("{FAE04EC0-301F-11D3-BF4B-00C04F79EFBC}") = "NLayer.Repository", "NLayer.Repository\NLayer.Repository.csproj", "{74F09844-962B-417B-8A75-D01A35FAA95B}"
EndProject
Project("{FAE04EC0-301F-11D3-BF4B-00C04F79EFBC}") = "NLayer.Service", "NLayer.Service\NLayer.Service.csproj", "{94D0B75C-B5A2-4402-9734-313094C899B5}"
EndProject
Project("{FAE04EC0-301F-11D3-BF4B-00C04F79EFBC}") = "NLayer.Cashing", "NLayer.Cashing\NLayer.Cashing.csproj", "{5D427480-9D02-4DF2-942F-031A9E01F1F4}"
EndProject
Project("{FAE04EC0-301F-11D3-BF4B-00C04F79EFBC}") = "NLayer.API", "NLayer.API\NLayer.API.csproj", "{6EEE8BAC-9E74-4F76-B295-ABAAB3B57449}"
EndProject
Project("{FAE04EC0-301F-11D3-BF4B-00C04F79EFBC}") = "NLayer.Web", "NLayer.Web\NLayer.Web.csproj", "{25941B9F-1A01-452D-8437-585CB9C3DB63}"
EndProject
Project("{2150E333-8FDC-42A3-9474-1A3956D46DE8}") = "Solution Items", "Solution Items", "{75FA2733-D947-44C9-9FC2-BA11F5A21083}"
	ProjectSection(SolutionItems) = preProject
		.editorconfig = .editorconfig
	EndProjectSection
EndProject
Global
	GlobalSection(SolutionConfigurationPlatforms) = preSolution
		Debug|Any CPU = Debug|Any CPU
		Release|Any CPU = Release|Any CPU
	EndGlobalSection
	GlobalSection(ProjectConfigurationPlatforms) = postSolution
		{83A24F1E-9188-45AF-A87C-7B197C8CF70A}.Debug|Any CPU.ActiveCfg = Debug|Any CPU
		{83A24F1E-9188-45AF-A87C-7B197C8CF70A}.Debug|Any CPU.Build.0 = Debug|Any CPU
		{83A24F1E-9188-45AF-A87C-7B197C8CF70A}.Release|Any CPU.ActiveCfg = Release|Any CPU
		{83A24F1E-9188-45AF-A87C-7B197C8CF70A}.Release|Any CPU.Build.0 = Release|Any CPU
		{74F09844-962B-417B-8A75-D01A35FAA95B}.Debug|Any CPU.ActiveCfg = Debug|Any CPU
		{74F09844-962B-417B-8A75-D01A35FAA95B}.Debug|Any CPU.Build.0 = Debug|Any CPU
		{74F09844-962B-417B-8A75-D01A35FAA95B}.Release|Any CPU.ActiveCfg = Release|Any CPU
		{74F09844-962B-417B-8A75-D01A35FAA95B}.Release|Any CPU.Build.0 = Release|Any CPU
		{94D0B75C-B5A2-4402-9734-313094C899B5}.Debug|Any CPU.ActiveCfg = Debug|Any CPU
		{94D0B75C-B5A2-4402-9734-313094C899B5}.Debug|Any CPU.Build.0 = Debug|Any CPU
		{94D0B75C-B5A2-4402-9734-313094C899B5}.Release|Any CPU.ActiveCfg = Release|Any CPU
		{94D0B75C-B5A2-4402-9734-313094C899B5}.Release|Any CPU.Build.0 = Release|Any CPU
		{5D427480-9D02-4DF2-942F-031A9E01F1F4}.Debug|Any CPU.ActiveCfg = Debug|Any CPU
		{5D427480-9D02-4DF2-942F-031A9E01F1F4}.Debug|Any CPU.Build.0 = Debug|Any CPU
		{5D427480-9D02-4DF2-942F-031A9E01F1F4}.Release|Any CPU.ActiveCfg = Release|Any CPU
		{5D427480-9D02-4DF2-942F-031A9E01F1F4}.Release|Any CPU.Build.0 = Release|Any CPU
		{6EEE8BAC-9E74-4F76-B295-ABAAB3B57449}.Debug|Any CPU.ActiveCfg = Debug|Any CPU
		{6EEE8BAC-9E74-4F76-B295-ABAAB3B57449}.Debug|Any CPU.Build.0 = Debug|Any CPU
		{6EEE8BAC-9E74-4F76-B295-ABAAB3B57449}.Release|Any CPU.ActiveCfg = Release|Any CPU
		{6EEE8BAC-9E74-4F76-B295-ABAAB3B57449}.Release|Any CPU.Build.0 = Release|Any CPU
		{25941B9F-1A01-452D-8437-585CB9C3DB63}.Debug|Any CPU.ActiveCfg = Debug|Any CPU
		{25941B9F-1A01-452D-8437-585CB9C3DB63}.Debug|Any CPU.Build.0 = Debug|Any CPU
		{25941B9F-1A01-452D-8437-585CB9C3DB63}.Release|Any CPU.ActiveCfg = Release|Any CPU
		{25941B9F-1A01-452D-8437-585CB9C3DB63}.Release|Any CPU.Build.0 = Release|Any CPU
	EndGlobalSection
	GlobalSection(SolutionProperties) = preSolution
		HideSolutionNode = FALSE
	EndGlobalSection
	GlobalSection(ExtensibilityGlobals) = postSolution
		SolutionGuid = {E4F1BB77-8A2D-4278-AA2C-DE4588862362}
	EndGlobalSection
EndGlobal
